// !$*UTF8*$!
{
	archiveVersion = 1;
	classes = {
	};
	objectVersion = 56;
	objects = {

/* Begin PBXBuildFile section */
		157D20E2F8386B65CB8A8398 /* Pods_CoreDataDemo.framework in Frameworks */ = {isa = PBXBuildFile; fileRef = 8C15FD29F69C4943222BD026 /* Pods_CoreDataDemo.framework */; };
		4AFA0F57299CC53900A3DBAC /* AppDelegate.swift in Sources */ = {isa = PBXBuildFile; fileRef = 4AFA0F56299CC53900A3DBAC /* AppDelegate.swift */; };
		4AFA0F59299CC53900A3DBAC /* SceneDelegate.swift in Sources */ = {isa = PBXBuildFile; fileRef = 4AFA0F58299CC53900A3DBAC /* SceneDelegate.swift */; };
		4AFA0F5B299CC53900A3DBAC /* ViewController.swift in Sources */ = {isa = PBXBuildFile; fileRef = 4AFA0F5A299CC53900A3DBAC /* ViewController.swift */; };
		4AFA0F61299CC53900A3DBAC /* CoreDataDemo.xcdatamodeld in Sources */ = {isa = PBXBuildFile; fileRef = 4AFA0F5F299CC53900A3DBAC /* CoreDataDemo.xcdatamodeld */; };
		4AFA0F63299CC53A00A3DBAC /* Assets.xcassets in Resources */ = {isa = PBXBuildFile; fileRef = 4AFA0F62299CC53A00A3DBAC /* Assets.xcassets */; };
		4AFA0F66299CC53A00A3DBAC /* LaunchScreen.storyboard in Resources */ = {isa = PBXBuildFile; fileRef = 4AFA0F64299CC53A00A3DBAC /* LaunchScreen.storyboard */; };
		4AFA0F6E299CC78E00A3DBAC /* CustomTableViewCell.swift in Sources */ = {isa = PBXBuildFile; fileRef = 4AFA0F6D299CC78E00A3DBAC /* CustomTableViewCell.swift */; };
		4AFA0F70299CCA0400A3DBAC /* Model.swift in Sources */ = {isa = PBXBuildFile; fileRef = 4AFA0F6F299CCA0400A3DBAC /* Model.swift */; };
/* End PBXBuildFile section */

/* Begin PBXFileReference section */
		4AFA0F53299CC53900A3DBAC /* CoreDataToDoListSavingInCoreData.app */ = {isa = PBXFileReference; explicitFileType = wrapper.application; includeInIndex = 0; path = CoreDataToDoListSavingInCoreData.app; sourceTree = BUILT_PRODUCTS_DIR; };
		4AFA0F56299CC53900A3DBAC /* AppDelegate.swift */ = {isa = PBXFileReference; lastKnownFileType = sourcecode.swift; path = AppDelegate.swift; sourceTree = "<group>"; };
		4AFA0F58299CC53900A3DBAC /* SceneDelegate.swift */ = {isa = PBXFileReference; lastKnownFileType = sourcecode.swift; path = SceneDelegate.swift; sourceTree = "<group>"; };
		4AFA0F5A299CC53900A3DBAC /* ViewController.swift */ = {isa = PBXFileReference; lastKnownFileType = sourcecode.swift; path = ViewController.swift; sourceTree = "<group>"; };
		4AFA0F60299CC53900A3DBAC /* CoreDataDemo.xcdatamodel */ = {isa = PBXFileReference; lastKnownFileType = wrapper.xcdatamodel; path = CoreDataDemo.xcdatamodel; sourceTree = "<group>"; };
		4AFA0F62299CC53A00A3DBAC /* Assets.xcassets */ = {isa = PBXFileReference; lastKnownFileType = folder.assetcatalog; path = Assets.xcassets; sourceTree = "<group>"; };
		4AFA0F65299CC53A00A3DBAC /* Base */ = {isa = PBXFileReference; lastKnownFileType = file.storyboard; name = Base; path = Base.lproj/LaunchScreen.storyboard; sourceTree = "<group>"; };
		4AFA0F67299CC53A00A3DBAC /* Info.plist */ = {isa = PBXFileReference; lastKnownFileType = text.plist.xml; path = Info.plist; sourceTree = "<group>"; };
		4AFA0F6D299CC78E00A3DBAC /* CustomTableViewCell.swift */ = {isa = PBXFileReference; lastKnownFileType = sourcecode.swift; path = CustomTableViewCell.swift; sourceTree = "<group>"; };
		4AFA0F6F299CCA0400A3DBAC /* Model.swift */ = {isa = PBXFileReference; lastKnownFileType = sourcecode.swift; path = Model.swift; sourceTree = "<group>"; };
		819B5132F3FE6B4F6870C85E /* Pods-CoreDataDemo.debug.xcconfig */ = {isa = PBXFileReference; includeInIndex = 1; lastKnownFileType = text.xcconfig; name = "Pods-CoreDataDemo.debug.xcconfig"; path = "Target Support Files/Pods-CoreDataDemo/Pods-CoreDataDemo.debug.xcconfig"; sourceTree = "<group>"; };
		8C15FD29F69C4943222BD026 /* Pods_CoreDataDemo.framework */ = {isa = PBXFileReference; explicitFileType = wrapper.framework; includeInIndex = 0; path = Pods_CoreDataDemo.framework; sourceTree = BUILT_PRODUCTS_DIR; };
		AFF728168A5BE892053E7652 /* Pods-CoreDataDemo.release.xcconfig */ = {isa = PBXFileReference; includeInIndex = 1; lastKnownFileType = text.xcconfig; name = "Pods-CoreDataDemo.release.xcconfig"; path = "Target Support Files/Pods-CoreDataDemo/Pods-CoreDataDemo.release.xcconfig"; sourceTree = "<group>"; };
/* End PBXFileReference section */

/* Begin PBXFrameworksBuildPhase section */
		4AFA0F50299CC53900A3DBAC /* Frameworks */ = {
			isa = PBXFrameworksBuildPhase;
			buildActionMask = 2147483647;
			files = (
				157D20E2F8386B65CB8A8398 /* Pods_CoreDataDemo.framework in Frameworks */,
			);
			runOnlyForDeploymentPostprocessing = 0;
		};
/* End PBXFrameworksBuildPhase section */

/* Begin PBXGroup section */
		27D6A23A9B8AF63264DEDEE5 /* Frameworks */ = {
			isa = PBXGroup;
			children = (
				8C15FD29F69C4943222BD026 /* Pods_CoreDataDemo.framework */,
			);
			name = Frameworks;
			sourceTree = "<group>";
		};
		4AFA0F4A299CC53900A3DBAC = {
			isa = PBXGroup;
			children = (
				4AFA0F55299CC53900A3DBAC /* CoreDataDemo */,
				4AFA0F54299CC53900A3DBAC /* Products */,
				F31E347D7096953D451B8DAD /* Pods */,
				27D6A23A9B8AF63264DEDEE5 /* Frameworks */,
			);
			sourceTree = "<group>";
		};
		4AFA0F54299CC53900A3DBAC /* Products */ = {
			isa = PBXGroup;
			children = (
				4AFA0F53299CC53900A3DBAC /* CoreDataToDoListSavingInCoreData.app */,
			);
			name = Products;
			sourceTree = "<group>";
		};
		4AFA0F55299CC53900A3DBAC /* CoreDataDemo */ = {
			isa = PBXGroup;
			children = (
				4AFA0F56299CC53900A3DBAC /* AppDelegate.swift */,
				4AFA0F58299CC53900A3DBAC /* SceneDelegate.swift */,
				4AFA0F5A299CC53900A3DBAC /* ViewController.swift */,
				4AFA0F6D299CC78E00A3DBAC /* CustomTableViewCell.swift */,
				4AFA0F6F299CCA0400A3DBAC /* Model.swift */,
				4AFA0F62299CC53A00A3DBAC /* Assets.xcassets */,
				4AFA0F64299CC53A00A3DBAC /* LaunchScreen.storyboard */,
				4AFA0F67299CC53A00A3DBAC /* Info.plist */,
				4AFA0F5F299CC53900A3DBAC /* CoreDataDemo.xcdatamodeld */,
			);
			path = CoreDataDemo;
			sourceTree = "<group>";
		};
		F31E347D7096953D451B8DAD /* Pods */ = {
			isa = PBXGroup;
			children = (
				819B5132F3FE6B4F6870C85E /* Pods-CoreDataDemo.debug.xcconfig */,
				AFF728168A5BE892053E7652 /* Pods-CoreDataDemo.release.xcconfig */,
			);
			path = Pods;
			sourceTree = "<group>";
		};
/* End PBXGroup section */

/* Begin PBXNativeTarget section */
		4AFA0F52299CC53900A3DBAC /* CoreDataToDoListSavingInCoreData */ = {
			isa = PBXNativeTarget;
			buildConfigurationList = 4AFA0F6A299CC53A00A3DBAC /* Build configuration list for PBXNativeTarget "CoreDataToDoListSavingInCoreData" */;
			buildPhases = (
				08E2A52EF70EF34981320DC1 /* [CP] Check Pods Manifest.lock */,
				4AFA0F4F299CC53900A3DBAC /* Sources */,
				4AFA0F50299CC53900A3DBAC /* Frameworks */,
				4AFA0F51299CC53900A3DBAC /* Resources */,
				FE7EE0D28390DAC03304FB5D /* [CP] Embed Pods Frameworks */,
			);
			buildRules = (
			);
			dependencies = (
			);
			name = CoreDataToDoListSavingInCoreData;
			productName = CoreDataDemo;
			productReference = 4AFA0F53299CC53900A3DBAC /* CoreDataToDoListSavingInCoreData.app */;
			productType = "com.apple.product-type.application";
		};
/* End PBXNativeTarget section */

/* Begin PBXProject section */
		4AFA0F4B299CC53900A3DBAC /* Project object */ = {
			isa = PBXProject;
			attributes = {
				BuildIndependentTargetsInParallel = 1;
				LastSwiftUpdateCheck = 1410;
				LastUpgradeCheck = 1410;
				TargetAttributes = {
					4AFA0F52299CC53900A3DBAC = {
						CreatedOnToolsVersion = 14.1;
					};
				};
			};
			buildConfigurationList = 4AFA0F4E299CC53900A3DBAC /* Build configuration list for PBXProject "CoreDataToDoListSavingInCoreData" */;
			compatibilityVersion = "Xcode 14.0";
			developmentRegion = en;
			hasScannedForEncodings = 0;
			knownRegions = (
				en,
				Base,
			);
			mainGroup = 4AFA0F4A299CC53900A3DBAC;
			productRefGroup = 4AFA0F54299CC53900A3DBAC /* Products */;
			projectDirPath = "";
			projectRoot = "";
			targets = (
				4AFA0F52299CC53900A3DBAC /* CoreDataToDoListSavingInCoreData */,
			);
		};
/* End PBXProject section */

/* Begin PBXResourcesBuildPhase section */
		4AFA0F51299CC53900A3DBAC /* Resources */ = {
			isa = PBXResourcesBuildPhase;
			buildActionMask = 2147483647;
			files = (
				4AFA0F66299CC53A00A3DBAC /* LaunchScreen.storyboard in Resources */,
				4AFA0F63299CC53A00A3DBAC /* Assets.xcassets in Resources */,
			);
			runOnlyForDeploymentPostprocessing = 0;
		};
/* End PBXResourcesBuildPhase section */

/* Begin PBXShellScriptBuildPhase section */
		08E2A52EF70EF34981320DC1 /* [CP] Check Pods Manifest.lock */ = {
			isa = PBXShellScriptBuildPhase;
			buildActionMask = 2147483647;
			files = (
			);
			inputFileListPaths = (
			);
			inputPaths = (
				"${PODS_PODFILE_DIR_PATH}/Podfile.lock",
				"${PODS_ROOT}/Manifest.lock",
			);
			name = "[CP] Check Pods Manifest.lock";
			outputFileListPaths = (
			);
			outputPaths = (
				"$(DERIVED_FILE_DIR)/Pods-CoreDataDemo-checkManifestLockResult.txt",
			);
			runOnlyForDeploymentPostprocessing = 0;
			shellPath = /bin/sh;
			shellScript = "diff \"${PODS_PODFILE_DIR_PATH}/Podfile.lock\" \"${PODS_ROOT}/Manifest.lock\" > /dev/null\nif [ $? != 0 ] ; then\n    # print error to STDERR\n    echo \"error: The sandbox is not in sync with the Podfile.lock. Run 'pod install' or update your CocoaPods installation.\" >&2\n    exit 1\nfi\n# This output is used by Xcode 'outputs' to avoid re-running this script phase.\necho \"SUCCESS\" > \"${SCRIPT_OUTPUT_FILE_0}\"\n";
			showEnvVarsInLog = 0;
		};
		FE7EE0D28390DAC03304FB5D /* [CP] Embed Pods Frameworks */ = {
			isa = PBXShellScriptBuildPhase;
			buildActionMask = 2147483647;
			files = (
			);
			inputFileListPaths = (
				"${PODS_ROOT}/Target Support Files/Pods-CoreDataDemo/Pods-CoreDataDemo-frameworks-${CONFIGURATION}-input-files.xcfilelist",
			);
			name = "[CP] Embed Pods Frameworks";
			outputFileListPaths = (
				"${PODS_ROOT}/Target Support Files/Pods-CoreDataDemo/Pods-CoreDataDemo-frameworks-${CONFIGURATION}-output-files.xcfilelist",
			);
			runOnlyForDeploymentPostprocessing = 0;
			shellPath = /bin/sh;
			shellScript = "\"${PODS_ROOT}/Target Support Files/Pods-CoreDataDemo/Pods-CoreDataDemo-frameworks.sh\"\n";
			showEnvVarsInLog = 0;
		};
/* End PBXShellScriptBuildPhase section */

/* Begin PBXSourcesBuildPhase section */
		4AFA0F4F299CC53900A3DBAC /* Sources */ = {
			isa = PBXSourcesBuildPhase;
			buildActionMask = 2147483647;
			files = (
				4AFA0F5B299CC53900A3DBAC /* ViewController.swift in Sources */,
				4AFA0F6E299CC78E00A3DBAC /* CustomTableViewCell.swift in Sources */,
				4AFA0F61299CC53900A3DBAC /* CoreDataDemo.xcdatamodeld in Sources */,
				4AFA0F70299CCA0400A3DBAC /* Model.swift in Sources */,
				4AFA0F57299CC53900A3DBAC /* AppDelegate.swift in Sources */,
				4AFA0F59299CC53900A3DBAC /* SceneDelegate.swift in Sources */,
			);
			runOnlyForDeploymentPostprocessing = 0;
		};
/* End PBXSourcesBuildPhase section */

/* Begin PBXVariantGroup section */
		4AFA0F64299CC53A00A3DBAC /* LaunchScreen.storyboard */ = {
			isa = PBXVariantGroup;
			children = (
				4AFA0F65299CC53A00A3DBAC /* Base */,
			);
			name = LaunchScreen.storyboard;
			sourceTree = "<group>";
		};
/* End PBXVariantGroup section */

/* Begin XCBuildConfiguration section */
		4AFA0F68299CC53A00A3DBAC /* Debug */ = {
			isa = XCBuildConfiguration;
			buildSettings = {
				ALWAYS_SEARCH_USER_PATHS = NO;
				CLANG_ANALYZER_NONNULL = YES;
				CLANG_ANALYZER_NUMBER_OBJECT_CONVERSION = YES_AGGRESSIVE;
				CLANG_CXX_LANGUAGE_STANDARD = "gnu++20";
				CLANG_ENABLE_MODULES = YES;
				CLANG_ENABLE_OBJC_ARC = YES;
				CLANG_ENABLE_OBJC_WEAK = YES;
				CLANG_WARN_BLOCK_CAPTURE_AUTORELEASING = YES;
				CLANG_WARN_BOOL_CONVERSION = YES;
				CLANG_WARN_COMMA = YES;
				CLANG_WARN_CONSTANT_CONVERSION = YES;
				CLANG_WARN_DEPRECATED_OBJC_IMPLEMENTATIONS = YES;
				CLANG_WARN_DIRECT_OBJC_ISA_USAGE = YES_ERROR;
				CLANG_WARN_DOCUMENTATION_COMMENTS = YES;
				CLANG_WARN_EMPTY_BODY = YES;
				CLANG_WARN_ENUM_CONVERSION = YES;
				CLANG_WARN_INFINITE_RECURSION = YES;
				CLANG_WARN_INT_CONVERSION = YES;
				CLANG_WARN_NON_LITERAL_NULL_CONVERSION = YES;
				CLANG_WARN_OBJC_IMPLICIT_RETAIN_SELF = YES;
				CLANG_WARN_OBJC_LITERAL_CONVERSION = YES;
				CLANG_WARN_OBJC_ROOT_CLASS = YES_ERROR;
				CLANG_WARN_QUOTED_INCLUDE_IN_FRAMEWORK_HEADER = YES;
				CLANG_WARN_RANGE_LOOP_ANALYSIS = YES;
				CLANG_WARN_STRICT_PROTOTYPES = YES;
				CLANG_WARN_SUSPICIOUS_MOVE = YES;
				CLANG_WARN_UNGUARDED_AVAILABILITY = YES_AGGRESSIVE;
				CLANG_WARN_UNREACHABLE_CODE = YES;
				CLANG_WARN__DUPLICATE_METHOD_MATCH = YES;
				COPY_PHASE_STRIP = NO;
				DEBUG_INFORMATION_FORMAT = dwarf;
				ENABLE_STRICT_OBJC_MSGSEND = YES;
				ENABLE_TESTABILITY = YES;
				GCC_C_LANGUAGE_STANDARD = gnu11;
				GCC_DYNAMIC_NO_PIC = NO;
				GCC_NO_COMMON_BLOCKS = YES;
				GCC_OPTIMIZATION_LEVEL = 0;
				GCC_PREPROCESSOR_DEFINITIONS = (
					"DEBUG=1",
					"$(inherited)",
				);
				GCC_WARN_64_TO_32_BIT_CONVERSION = YES;
				GCC_WARN_ABOUT_RETURN_TYPE = YES_ERROR;
				GCC_WARN_UNDECLARED_SELECTOR = YES;
				GCC_WARN_UNINITIALIZED_AUTOS = YES_AGGRESSIVE;
				GCC_WARN_UNUSED_FUNCTION = YES;
				GCC_WARN_UNUSED_VARIABLE = YES;
				IPHONEOS_DEPLOYMENT_TARGET = 16.1;
				MTL_ENABLE_DEBUG_INFO = INCLUDE_SOURCE;
				MTL_FAST_MATH = YES;
				ONLY_ACTIVE_ARCH = YES;
				SDKROOT = iphoneos;
				SWIFT_ACTIVE_COMPILATION_CONDITIONS = DEBUG;
				SWIFT_OPTIMIZATION_LEVEL = "-Onone";
			};
			name = Debug;
		};
		4AFA0F69299CC53A00A3DBAC /* Release */ = {
			isa = XCBuildConfiguration;
			buildSettings = {
				ALWAYS_SEARCH_USER_PATHS = NO;
				CLANG_ANALYZER_NONNULL = YES;
				CLANG_ANALYZER_NUMBER_OBJECT_CONVERSION = YES_AGGRESSIVE;
				CLANG_CXX_LANGUAGE_STANDARD = "gnu++20";
				CLANG_ENABLE_MODULES = YES;
				CLANG_ENABLE_OBJC_ARC = YES;
				CLANG_ENABLE_OBJC_WEAK = YES;
				CLANG_WARN_BLOCK_CAPTURE_AUTORELEASING = YES;
				CLANG_WARN_BOOL_CONVERSION = YES;
				CLANG_WARN_COMMA = YES;
				CLANG_WARN_CONSTANT_CONVERSION = YES;
				CLANG_WARN_DEPRECATED_OBJC_IMPLEMENTATIONS = YES;
				CLANG_WARN_DIRECT_OBJC_ISA_USAGE = YES_ERROR;
				CLANG_WARN_DOCUMENTATION_COMMENTS = YES;
				CLANG_WARN_EMPTY_BODY = YES;
				CLANG_WARN_ENUM_CONVERSION = YES;
				CLANG_WARN_INFINITE_RECURSION = YES;
				CLANG_WARN_INT_CONVERSION = YES;
				CLANG_WARN_NON_LITERAL_NULL_CONVERSION = YES;
				CLANG_WARN_OBJC_IMPLICIT_RETAIN_SELF = YES;
				CLANG_WARN_OBJC_LITERAL_CONVERSION = YES;
				CLANG_WARN_OBJC_ROOT_CLASS = YES_ERROR;
				CLANG_WARN_QUOTED_INCLUDE_IN_FRAMEWORK_HEADER = YES;
				CLANG_WARN_RANGE_LOOP_ANALYSIS = YES;
				CLANG_WARN_STRICT_PROTOTYPES = YES;
				CLANG_WARN_SUSPICIOUS_MOVE = YES;
				CLANG_WARN_UNGUARDED_AVAILABILITY = YES_AGGRESSIVE;
				CLANG_WARN_UNREACHABLE_CODE = YES;
				CLANG_WARN__DUPLICATE_METHOD_MATCH = YES;
				COPY_PHASE_STRIP = NO;
				DEBUG_INFORMATION_FORMAT = "dwarf-with-dsym";
				ENABLE_NS_ASSERTIONS = NO;
				ENABLE_STRICT_OBJC_MSGSEND = YES;
				GCC_C_LANGUAGE_STANDARD = gnu11;
				GCC_NO_COMMON_BLOCKS = YES;
				GCC_WARN_64_TO_32_BIT_CONVERSION = YES;
				GCC_WARN_ABOUT_RETURN_TYPE = YES_ERROR;
				GCC_WARN_UNDECLARED_SELECTOR = YES;
				GCC_WARN_UNINITIALIZED_AUTOS = YES_AGGRESSIVE;
				GCC_WARN_UNUSED_FUNCTION = YES;
				GCC_WARN_UNUSED_VARIABLE = YES;
				IPHONEOS_DEPLOYMENT_TARGET = 16.1;
				MTL_ENABLE_DEBUG_INFO = NO;
				MTL_FAST_MATH = YES;
				SDKROOT = iphoneos;
				SWIFT_COMPILATION_MODE = wholemodule;
				SWIFT_OPTIMIZATION_LEVEL = "-O";
				VALIDATE_PRODUCT = YES;
			};
			name = Release;
		};
		4AFA0F6B299CC53A00A3DBAC /* Debug */ = {
			isa = XCBuildConfiguration;
			baseConfigurationReference = 819B5132F3FE6B4F6870C85E /* Pods-CoreDataDemo.debug.xcconfig */;
			buildSettings = {
				ASSETCATALOG_COMPILER_APPICON_NAME = AppIcon;
				ASSETCATALOG_COMPILER_GLOBAL_ACCENT_COLOR_NAME = AccentColor;
				CODE_SIGN_STYLE = Automatic;
				CURRENT_PROJECT_VERSION = 1;
				DEVELOPMENT_TEAM = GX5Y7LCPJ3;
				GENERATE_INFOPLIST_FILE = YES;
				INFOPLIST_FILE = CoreDataDemo/Info.plist;
				INFOPLIST_KEY_UIApplicationSupportsIndirectInputEvents = YES;
				INFOPLIST_KEY_UILaunchStoryboardName = LaunchScreen;
				INFOPLIST_KEY_UISupportedInterfaceOrientations_iPad = "UIInterfaceOrientationPortrait UIInterfaceOrientationPortraitUpsideDown UIInterfaceOrientationLandscapeLeft UIInterfaceOrientationLandscapeRight";
				INFOPLIST_KEY_UISupportedInterfaceOrientations_iPhone = "UIInterfaceOrientationPortrait UIInterfaceOrientationLandscapeLeft UIInterfaceOrientationLandscapeRight";
				LD_RUNPATH_SEARCH_PATHS = (
					"$(inherited)",
					"@executable_path/Frameworks",
				);
				MARKETING_VERSION = 1.0;
				PRODUCT_BUNDLE_IDENTIFIER = "-2.CoreDataDemo";
				PRODUCT_NAME = "$(TARGET_NAME)";
				SWIFT_EMIT_LOC_STRINGS = YES;
				SWIFT_VERSION = 5.0;
				TARGETED_DEVICE_FAMILY = "1,2";
			};
			name = Debug;
		};
		4AFA0F6C299CC53A00A3DBAC /* Release */ = {
			isa = XCBuildConfiguration;
			baseConfigurationReference = AFF728168A5BE892053E7652 /* Pods-CoreDataDemo.release.xcconfig */;
			buildSettings = {
				ASSETCATALOG_COMPILER_APPICON_NAME = AppIcon;
				ASSETCATALOG_COMPILER_GLOBAL_ACCENT_COLOR_NAME = AccentColor;
				CODE_SIGN_STYLE = Automatic;
				CURRENT_PROJECT_VERSION = 1;
				DEVELOPMENT_TEAM = GX5Y7LCPJ3;
				GENERATE_INFOPLIST_FILE = YES;
				INFOPLIST_FILE = CoreDataDemo/Info.plist;
				INFOPLIST_KEY_UIApplicationSupportsIndirectInputEvents = YES;
				INFOPLIST_KEY_UILaunchStoryboardName = LaunchScreen;
				INFOPLIST_KEY_UISupportedInterfaceOrientations_iPad = "UIInterfaceOrientationPortrait UIInterfaceOrientationPortraitUpsideDown UIInterfaceOrientationLandscapeLeft UIInterfaceOrientationLandscapeRight";
				INFOPLIST_KEY_UISupportedInterfaceOrientations_iPhone = "UIInterfaceOrientationPortrait UIInterfaceOrientationLandscapeLeft UIInterfaceOrientationLandscapeRight";
				LD_RUNPATH_SEARCH_PATHS = (
					"$(inherited)",
					"@executable_path/Frameworks",
				);
				MARKETING_VERSION = 1.0;
				PRODUCT_BUNDLE_IDENTIFIER = "-2.CoreDataDemo";
				PRODUCT_NAME = "$(TARGET_NAME)";
				SWIFT_EMIT_LOC_STRINGS = YES;
				SWIFT_VERSION = 5.0;
				TARGETED_DEVICE_FAMILY = "1,2";
			};
			name = Release;
		};
/* End XCBuildConfiguration section */

/* Begin XCConfigurationList section */
		4AFA0F4E299CC53900A3DBAC /* Build configuration list for PBXProject "CoreDataToDoListSavingInCoreData" */ = {
			isa = XCConfigurationList;
			buildConfigurations = (
				4AFA0F68299CC53A00A3DBAC /* Debug */,
				4AFA0F69299CC53A00A3DBAC /* Release */,
			);
			defaultConfigurationIsVisible = 0;
			defaultConfigurationName = Release;
		};
		4AFA0F6A299CC53A00A3DBAC /* Build configuration list for PBXNativeTarget "CoreDataToDoListSavingInCoreData" */ = {
			isa = XCConfigurationList;
			buildConfigurations = (
				4AFA0F6B299CC53A00A3DBAC /* Debug */,
				4AFA0F6C299CC53A00A3DBAC /* Release */,
			);
			defaultConfigurationIsVisible = 0;
			defaultConfigurationName = Release;
		};
/* End XCConfigurationList section */

/* Begin XCVersionGroup section */
		4AFA0F5F299CC53900A3DBAC /* CoreDataDemo.xcdatamodeld */ = {
			isa = XCVersionGroup;
			children = (
				4AFA0F60299CC53900A3DBAC /* CoreDataDemo.xcdatamodel */,
			);
			currentVersion = 4AFA0F60299CC53900A3DBAC /* CoreDataDemo.xcdatamodel */;
			path = CoreDataDemo.xcdatamodeld;
			sourceTree = "<group>";
			versionGroupType = wrapper.xcdatamodel;
		};
/* End XCVersionGroup section */
	};
	rootObject = 4AFA0F4B299CC53900A3DBAC /* Project object */;
}
